# This file is automatically @generated by Cargo.
# It is not intended for manual editing.
version = 4

[[package]]
name = "ch01-hello-world"
version = "0.1.0"

[[package]]
name = "ch02-guessing-game"
version = "0.1.0"

[[package]]
name = "ch03-common-concepts"
version = "0.1.0"

[[package]]
name = "ch04-ownership"
version = "0.1.0"

[[package]]
name = "ch05-structs"
version = "0.1.0"

[[package]]
name = "ch06-enums"
version = "0.1.0"

[[package]]
name = "ch07-packages-crates-modules"
version = "0.1.0"

[[package]]
name = "ch08-collections"
version = "0.1.0"

[[package]]
name = "ch09-error-handling"
version = "0.1.0"

[[package]]
name = "ch10-generics-traits-lifetimes"
version = "0.1.0"

[[package]]
name = "ch11-testing"
version = "0.1.0"

[[package]]
name = "ch12-io-project"
version = "0.1.0"

[[package]]
name = "ch13-iterators-closures"
version = "0.1.0"

[[package]]
name = "ch15-smart-pointers"
version = "0.1.0"

[[package]]
name = "ch16-concurrency"
version = "0.1.0"

[[package]]
name = "ch17-oop"
version = "0.1.0"

[[package]]
name = "ch18-patterns"
version = "0.1.0"

[[package]]
name = "ch19-advanced-features"
version = "0.1.0"

[[package]]
name = "ch20-final-project"
version = "0.1.0"
